
Microsoft Visual Studio Solution File, Format Version 12.00
# Visual Studio Version 16
VisualStudioVersion = 16.0.31515.178
MinimumVisualStudioVersion = 10.0.40219.1
Project("{FAE04EC0-301F-11D3-BF4B-00C04F79EFBC}") = "WebApplication5", "WebApplication5\WebApplication5.csproj", "{EBCD63C0-2DCC-4E37-BAE5-4E0AC7A62230}"
EndProject
Global
	GlobalSection(SolutionConfigurationPlatforms) = preSolution
		Debug|Any CPU = Debug|Any CPU
		Release|Any CPU = Release|Any CPU
	EndGlobalSection
	GlobalSection(ProjectConfigurationPlatforms) = postSolution
		{EBCD63C0-2DCC-4E37-BAE5-4E0AC7A62230}.Debug|Any CPU.ActiveCfg = Debug|Any CPU
		{EBCD63C0-2DCC-4E37-BAE5-4E0AC7A62230}.Debug|Any CPU.Build.0 = Debug|Any CPU
		{EBCD63C0-2DCC-4E37-BAE5-4E0AC7A62230}.Release|Any CPU.ActiveCfg = Release|Any CPU
		{EBCD63C0-2DCC-4E37-BAE5-4E0AC7A62230}.Release|Any CPU.Build.0 = Release|Any CPU
	EndGlobalSection
	GlobalSection(SolutionProperties) = preSolution
		HideSolutionNode = FALSE
	EndGlobalSection
	GlobalSection(ExtensibilityGlobals) = postSolution
		SolutionGuid = {C64460FB-7878-4866-A9D3-FC4D39C0CB04}
	EndGlobalSection
EndGlobal
